// !$*UTF8*$!
{
	archiveVersion = 1;
	classes = {
	};
	objectVersion = 56;
	objects = {

/* Begin PBXBuildFile section */
		992B1E5A29D12B5C005AE6F8 /* ChecklistModel.swift in Sources */ = {isa = PBXBuildFile; fileRef = 992B1E5929D12B5C005AE6F8 /* ChecklistModel.swift */; };
		992B1E5C29D12DA9005AE6F8 /* ChecklistView.swift in Sources */ = {isa = PBXBuildFile; fileRef = 992B1E5B29D12DA9005AE6F8 /* ChecklistView.swift */; };
		992B1E5E29D12EF6005AE6F8 /* MasterListRowView.swift in Sources */ = {isa = PBXBuildFile; fileRef = 992B1E5D29D12EF6005AE6F8 /* MasterListRowView.swift */; };
		995EC34229C7FA110022701F /* Documentation.docc in Sources */ = {isa = PBXBuildFile; fileRef = 995EC34129C7FA110022701F /* Documentation.docc */; };
		9972EC0929E81A0400A7B2E1 /* LoadingView.swift in Sources */ = {isa = PBXBuildFile; fileRef = 9972EC0829E81A0400A7B2E1 /* LoadingView.swift */; };
		9989DAD229D913DD005BFCCC /* TitleEditView.swift in Sources */ = {isa = PBXBuildFile; fileRef = 9989DAD129D913DD005BFCCC /* TitleEditView.swift */; };
		999D1B3429C2C46F0091444F /* TodoModel.swift in Sources */ = {isa = PBXBuildFile; fileRef = 999D1B3329C2C46F0091444F /* TodoModel.swift */; };
		99B99E8729DD40B8000E8E84 /* DataModel.swift in Sources */ = {isa = PBXBuildFile; fileRef = 99B99E8629DD40B8000E8E84 /* DataModel.swift */; };
		99D9342429C08E2300592C83 /* ChecklistApp.swift in Sources */ = {isa = PBXBuildFile; fileRef = 99D9342329C08E2300592C83 /* ChecklistApp.swift */; };
		99D9342629C08E2300592C83 /* ContentView.swift in Sources */ = {isa = PBXBuildFile; fileRef = 99D9342529C08E2300592C83 /* ContentView.swift */; };
		99D9342829C08E2400592C83 /* Assets.xcassets in Resources */ = {isa = PBXBuildFile; fileRef = 99D9342729C08E2400592C83 /* Assets.xcassets */; };
		99D9342B29C08E2400592C83 /* Preview Assets.xcassets in Resources */ = {isa = PBXBuildFile; fileRef = 99D9342A29C08E2400592C83 /* Preview Assets.xcassets */; };
		99D9343529C08E2400592C83 /* ChecklistTests.swift in Sources */ = {isa = PBXBuildFile; fileRef = 99D9343429C08E2400592C83 /* ChecklistTests.swift */; };
		99D9343F29C08E2400592C83 /* ChecklistUITests.swift in Sources */ = {isa = PBXBuildFile; fileRef = 99D9343E29C08E2400592C83 /* ChecklistUITests.swift */; };
		99D9344129C08E2400592C83 /* ChecklistUITestsLaunchTests.swift in Sources */ = {isa = PBXBuildFile; fileRef = 99D9344029C08E2400592C83 /* ChecklistUITestsLaunchTests.swift */; };
		99D9344E29C08FC500592C83 /* Readme.md in Resources */ = {isa = PBXBuildFile; fileRef = 99D9344D29C08FC500592C83 /* Readme.md */; };
		99F993A029CBEFBB00754DF8 /* ListRowView.swift in Sources */ = {isa = PBXBuildFile; fileRef = 99F9939F29CBEFBB00754DF8 /* ListRowView.swift */; };
/* End PBXBuildFile section */

/* Begin PBXContainerItemProxy section */
		99D9343129C08E2400592C83 /* PBXContainerItemProxy */ = {
			isa = PBXContainerItemProxy;
			containerPortal = 99D9341829C08E2300592C83 /* Project object */;
			proxyType = 1;
			remoteGlobalIDString = 99D9341F29C08E2300592C83;
			remoteInfo = Checklist;
		};
		99D9343B29C08E2400592C83 /* PBXContainerItemProxy */ = {
			isa = PBXContainerItemProxy;
			containerPortal = 99D9341829C08E2300592C83 /* Project object */;
			proxyType = 1;
			remoteGlobalIDString = 99D9341F29C08E2300592C83;
			remoteInfo = Checklist;
		};
/* End PBXContainerItemProxy section */

/* Begin PBXFileReference section */
		992B1E5929D12B5C005AE6F8 /* ChecklistModel.swift */ = {isa = PBXFileReference; lastKnownFileType = sourcecode.swift; path = ChecklistModel.swift; sourceTree = "<group>"; };
		992B1E5B29D12DA9005AE6F8 /* ChecklistView.swift */ = {isa = PBXFileReference; lastKnownFileType = sourcecode.swift; path = ChecklistView.swift; sourceTree = "<group>"; };
		992B1E5D29D12EF6005AE6F8 /* MasterListRowView.swift */ = {isa = PBXFileReference; lastKnownFileType = sourcecode.swift; path = MasterListRowView.swift; sourceTree = "<group>"; };
		995EC34129C7FA110022701F /* Documentation.docc */ = {isa = PBXFileReference; lastKnownFileType = folder.documentationcatalog; path = Documentation.docc; sourceTree = "<group>"; };
		9972EC0829E81A0400A7B2E1 /* LoadingView.swift */ = {isa = PBXFileReference; lastKnownFileType = sourcecode.swift; path = LoadingView.swift; sourceTree = "<group>"; };
		9989DAD129D913DD005BFCCC /* TitleEditView.swift */ = {isa = PBXFileReference; lastKnownFileType = sourcecode.swift; path = TitleEditView.swift; sourceTree = "<group>"; };
		999D1B3329C2C46F0091444F /* TodoModel.swift */ = {isa = PBXFileReference; lastKnownFileType = sourcecode.swift; path = TodoModel.swift; sourceTree = "<group>"; };
		99B99E8629DD40B8000E8E84 /* DataModel.swift */ = {isa = PBXFileReference; lastKnownFileType = sourcecode.swift; path = DataModel.swift; sourceTree = "<group>"; };
		99D9342029C08E2300592C83 /* Checklist.app */ = {isa = PBXFileReference; explicitFileType = wrapper.application; includeInIndex = 0; path = Checklist.app; sourceTree = BUILT_PRODUCTS_DIR; };
		99D9342329C08E2300592C83 /* ChecklistApp.swift */ = {isa = PBXFileReference; lastKnownFileType = sourcecode.swift; path = ChecklistApp.swift; sourceTree = "<group>"; };
		99D9342529C08E2300592C83 /* ContentView.swift */ = {isa = PBXFileReference; lastKnownFileType = sourcecode.swift; path = ContentView.swift; sourceTree = "<group>"; };
		99D9342729C08E2400592C83 /* Assets.xcassets */ = {isa = PBXFileReference; lastKnownFileType = folder.assetcatalog; path = Assets.xcassets; sourceTree = "<group>"; };
		99D9342A29C08E2400592C83 /* Preview Assets.xcassets */ = {isa = PBXFileReference; lastKnownFileType = folder.assetcatalog; path = "Preview Assets.xcassets"; sourceTree = "<group>"; };
		99D9343029C08E2400592C83 /* ChecklistTests.xctest */ = {isa = PBXFileReference; explicitFileType = wrapper.cfbundle; includeInIndex = 0; path = ChecklistTests.xctest; sourceTree = BUILT_PRODUCTS_DIR; };
		99D9343429C08E2400592C83 /* ChecklistTests.swift */ = {isa = PBXFileReference; lastKnownFileType = sourcecode.swift; path = ChecklistTests.swift; sourceTree = "<group>"; };
		99D9343A29C08E2400592C83 /* ChecklistUITests.xctest */ = {isa = PBXFileReference; explicitFileType = wrapper.cfbundle; includeInIndex = 0; path = ChecklistUITests.xctest; sourceTree = BUILT_PRODUCTS_DIR; };
		99D9343E29C08E2400592C83 /* ChecklistUITests.swift */ = {isa = PBXFileReference; lastKnownFileType = sourcecode.swift; path = ChecklistUITests.swift; sourceTree = "<group>"; };
		99D9344029C08E2400592C83 /* ChecklistUITestsLaunchTests.swift */ = {isa = PBXFileReference; lastKnownFileType = sourcecode.swift; path = ChecklistUITestsLaunchTests.swift; sourceTree = "<group>"; };
		99D9344D29C08FC500592C83 /* Readme.md */ = {isa = PBXFileReference; lastKnownFileType = net.daringfireball.markdown; path = Readme.md; sourceTree = "<group>"; };
		99F9939F29CBEFBB00754DF8 /* ListRowView.swift */ = {isa = PBXFileReference; lastKnownFileType = sourcecode.swift; path = ListRowView.swift; sourceTree = "<group>"; };
/* End PBXFileReference section */

/* Begin PBXFrameworksBuildPhase section */
		99D9341D29C08E2300592C83 /* Frameworks */ = {
			isa = PBXFrameworksBuildPhase;
			buildActionMask = 2147483647;
			files = (
			);
			runOnlyForDeploymentPostprocessing = 0;
		};
		99D9342D29C08E2400592C83 /* Frameworks */ = {
			isa = PBXFrameworksBuildPhase;
			buildActionMask = 2147483647;
			files = (
			);
			runOnlyForDeploymentPostprocessing = 0;
		};
		99D9343729C08E2400592C83 /* Frameworks */ = {
			isa = PBXFrameworksBuildPhase;
			buildActionMask = 2147483647;
			files = (
			);
			runOnlyForDeploymentPostprocessing = 0;
		};
/* End PBXFrameworksBuildPhase section */

/* Begin PBXGroup section */
		995EC37929C80A610022701F /* Model */ = {
			isa = PBXGroup;
			children = (
				999D1B3329C2C46F0091444F /* TodoModel.swift */,
				992B1E5929D12B5C005AE6F8 /* ChecklistModel.swift */,
				99B99E8629DD40B8000E8E84 /* DataModel.swift */,
			);
			path = Model;
			sourceTree = "<group>";
		};
		995EC37A29C80A770022701F /* View */ = {
			isa = PBXGroup;
			children = (
				99D9342529C08E2300592C83 /* ContentView.swift */,
				992B1E5B29D12DA9005AE6F8 /* ChecklistView.swift */,
				992B1E5D29D12EF6005AE6F8 /* MasterListRowView.swift */,
				99F9939F29CBEFBB00754DF8 /* ListRowView.swift */,
				9989DAD129D913DD005BFCCC /* TitleEditView.swift */,
				9972EC0829E81A0400A7B2E1 /* LoadingView.swift */,
			);
			path = View;
			sourceTree = "<group>";
		};
		99D9341729C08E2300592C83 = {
			isa = PBXGroup;
			children = (
				99D9344D29C08FC500592C83 /* Readme.md */,
				99D9342229C08E2300592C83 /* Checklist */,
				99D9343329C08E2400592C83 /* ChecklistTests */,
				99D9343D29C08E2400592C83 /* ChecklistUITests */,
				99D9342129C08E2300592C83 /* Products */,
			);
			sourceTree = "<group>";
		};
		99D9342129C08E2300592C83 /* Products */ = {
			isa = PBXGroup;
			children = (
				99D9342029C08E2300592C83 /* Checklist.app */,
				99D9343029C08E2400592C83 /* ChecklistTests.xctest */,
				99D9343A29C08E2400592C83 /* ChecklistUITests.xctest */,
			);
			name = Products;
			sourceTree = "<group>";
		};
		99D9342229C08E2300592C83 /* Checklist */ = {
			isa = PBXGroup;
			children = (
				99D9342329C08E2300592C83 /* ChecklistApp.swift */,
				995EC37A29C80A770022701F /* View */,
				995EC37929C80A610022701F /* Model */,
				995EC34129C7FA110022701F /* Documentation.docc */,
				99D9342729C08E2400592C83 /* Assets.xcassets */,
				99D9342929C08E2400592C83 /* Preview Content */,
			);
			path = Checklist;
			sourceTree = "<group>";
		};
		99D9342929C08E2400592C83 /* Preview Content */ = {
			isa = PBXGroup;
			children = (
				99D9342A29C08E2400592C83 /* Preview Assets.xcassets */,
			);
			path = "Preview Content";
			sourceTree = "<group>";
		};
		99D9343329C08E2400592C83 /* ChecklistTests */ = {
			isa = PBXGroup;
			children = (
				99D9343429C08E2400592C83 /* ChecklistTests.swift */,
			);
			path = ChecklistTests;
			sourceTree = "<group>";
		};
		99D9343D29C08E2400592C83 /* ChecklistUITests */ = {
			isa = PBXGroup;
			children = (
				99D9343E29C08E2400592C83 /* ChecklistUITests.swift */,
				99D9344029C08E2400592C83 /* ChecklistUITestsLaunchTests.swift */,
			);
			path = ChecklistUITests;
			sourceTree = "<group>";
		};
/* End PBXGroup section */

/* Begin PBXNativeTarget section */
		99D9341F29C08E2300592C83 /* Checklist */ = {
			isa = PBXNativeTarget;
			buildConfigurationList = 99D9344429C08E2400592C83 /* Build configuration list for PBXNativeTarget "Checklist" */;
			buildPhases = (
				99D9341C29C08E2300592C83 /* Sources */,
				99D9341D29C08E2300592C83 /* Frameworks */,
				99D9341E29C08E2300592C83 /* Resources */,
			);
			buildRules = (
			);
			dependencies = (
			);
			name = Checklist;
			productName = Checklist;
			productReference = 99D9342029C08E2300592C83 /* Checklist.app */;
			productType = "com.apple.product-type.application";
		};
		99D9342F29C08E2400592C83 /* ChecklistTests */ = {
			isa = PBXNativeTarget;
			buildConfigurationList = 99D9344729C08E2400592C83 /* Build configuration list for PBXNativeTarget "ChecklistTests" */;
			buildPhases = (
				99D9342C29C08E2400592C83 /* Sources */,
				99D9342D29C08E2400592C83 /* Frameworks */,
				99D9342E29C08E2400592C83 /* Resources */,
			);
			buildRules = (
			);
			dependencies = (
				99D9343229C08E2400592C83 /* PBXTargetDependency */,
			);
			name = ChecklistTests;
			productName = ChecklistTests;
			productReference = 99D9343029C08E2400592C83 /* ChecklistTests.xctest */;
			productType = "com.apple.product-type.bundle.unit-test";
		};
		99D9343929C08E2400592C83 /* ChecklistUITests */ = {
			isa = PBXNativeTarget;
			buildConfigurationList = 99D9344A29C08E2400592C83 /* Build configuration list for PBXNativeTarget "ChecklistUITests" */;
			buildPhases = (
				99D9343629C08E2400592C83 /* Sources */,
				99D9343729C08E2400592C83 /* Frameworks */,
				99D9343829C08E2400592C83 /* Resources */,
			);
			buildRules = (
			);
			dependencies = (
				99D9343C29C08E2400592C83 /* PBXTargetDependency */,
			);
			name = ChecklistUITests;
			productName = ChecklistUITests;
			productReference = 99D9343A29C08E2400592C83 /* ChecklistUITests.xctest */;
			productType = "com.apple.product-type.bundle.ui-testing";
		};
/* End PBXNativeTarget section */

/* Begin PBXProject section */
		99D9341829C08E2300592C83 /* Project object */ = {
			isa = PBXProject;
			attributes = {
				BuildIndependentTargetsInParallel = 1;
				LastSwiftUpdateCheck = 1420;
				LastUpgradeCheck = 1420;
				TargetAttributes = {
					99D9341F29C08E2300592C83 = {
						CreatedOnToolsVersion = 14.2;
					};
					99D9342F29C08E2400592C83 = {
						CreatedOnToolsVersion = 14.2;
						TestTargetID = 99D9341F29C08E2300592C83;
					};
					99D9343929C08E2400592C83 = {
						CreatedOnToolsVersion = 14.2;
						TestTargetID = 99D9341F29C08E2300592C83;
					};
				};
			};
			buildConfigurationList = 99D9341B29C08E2300592C83 /* Build configuration list for PBXProject "Checklist" */;
			compatibilityVersion = "Xcode 14.0";
			developmentRegion = en;
			hasScannedForEncodings = 0;
			knownRegions = (
				en,
				Base,
			);
			mainGroup = 99D9341729C08E2300592C83;
			productRefGroup = 99D9342129C08E2300592C83 /* Products */;
			projectDirPath = "";
			projectRoot = "";
			targets = (
				99D9341F29C08E2300592C83 /* Checklist */,
				99D9342F29C08E2400592C83 /* ChecklistTests */,
				99D9343929C08E2400592C83 /* ChecklistUITests */,
			);
		};
/* End PBXProject section */

/* Begin PBXResourcesBuildPhase section */
		99D9341E29C08E2300592C83 /* Resources */ = {
			isa = PBXResourcesBuildPhase;
			buildActionMask = 2147483647;
			files = (
				99D9342B29C08E2400592C83 /* Preview Assets.xcassets in Resources */,
				99D9342829C08E2400592C83 /* Assets.xcassets in Resources */,
				99D9344E29C08FC500592C83 /* Readme.md in Resources */,
			);
			runOnlyForDeploymentPostprocessing = 0;
		};
		99D9342E29C08E2400592C83 /* Resources */ = {
			isa = PBXResourcesBuildPhase;
			buildActionMask = 2147483647;
			files = (
			);
			runOnlyForDeploymentPostprocessing = 0;
		};
		99D9343829C08E2400592C83 /* Resources */ = {
			isa = PBXResourcesBuildPhase;
			buildActionMask = 2147483647;
			files = (
			);
			runOnlyForDeploymentPostprocessing = 0;
		};
/* End PBXResourcesBuildPhase section */

/* Begin PBXSourcesBuildPhase section */
		99D9341C29C08E2300592C83 /* Sources */ = {
			isa = PBXSourcesBuildPhase;
			buildActionMask = 2147483647;
			files = (
				999D1B3429C2C46F0091444F /* TodoModel.swift in Sources */,
				99D9342629C08E2300592C83 /* ContentView.swift in Sources */,
				992B1E5E29D12EF6005AE6F8 /* MasterListRowView.swift in Sources */,
				9972EC0929E81A0400A7B2E1 /* LoadingView.swift in Sources */,
				9989DAD229D913DD005BFCCC /* TitleEditView.swift in Sources */,
				99F993A029CBEFBB00754DF8 /* ListRowView.swift in Sources */,
				99B99E8729DD40B8000E8E84 /* DataModel.swift in Sources */,
				992B1E5C29D12DA9005AE6F8 /* ChecklistView.swift in Sources */,
				99D9342429C08E2300592C83 /* ChecklistApp.swift in Sources */,
				995EC34229C7FA110022701F /* Documentation.docc in Sources */,
				992B1E5A29D12B5C005AE6F8 /* ChecklistModel.swift in Sources */,
			);
			runOnlyForDeploymentPostprocessing = 0;
		};
		99D9342C29C08E2400592C83 /* Sources */ = {
			isa = PBXSourcesBuildPhase;
			buildActionMask = 2147483647;
			files = (
				99D9343529C08E2400592C83 /* ChecklistTests.swift in Sources */,
			);
			runOnlyForDeploymentPostprocessing = 0;
		};
		99D9343629C08E2400592C83 /* Sources */ = {
			isa = PBXSourcesBuildPhase;
			buildActionMask = 2147483647;
			files = (
				99D9343F29C08E2400592C83 /* ChecklistUITests.swift in Sources */,
				99D9344129C08E2400592C83 /* ChecklistUITestsLaunchTests.swift in Sources */,
			);
			runOnlyForDeploymentPostprocessing = 0;
		};
/* End PBXSourcesBuildPhase section */

/* Begin PBXTargetDependency section */
		99D9343229C08E2400592C83 /* PBXTargetDependency */ = {
			isa = PBXTargetDependency;
			target = 99D9341F29C08E2300592C83 /* Checklist */;
			targetProxy = 99D9343129C08E2400592C83 /* PBXContainerItemProxy */;
		};
		99D9343C29C08E2400592C83 /* PBXTargetDependency */ = {
			isa = PBXTargetDependency;
			target = 99D9341F29C08E2300592C83 /* Checklist */;
			targetProxy = 99D9343B29C08E2400592C83 /* PBXContainerItemProxy */;
		};
/* End PBXTargetDependency section */

/* Begin XCBuildConfiguration section */
		99D9344229C08E2400592C83 /* Debug */ = {
			isa = XCBuildConfiguration;
			buildSettings = {
				ALWAYS_SEARCH_USER_PATHS = NO;
				CLANG_ANALYZER_NONNULL = YES;
				CLANG_ANALYZER_NUMBER_OBJECT_CONVERSION = YES_AGGRESSIVE;
				CLANG_CXX_LANGUAGE_STANDARD = "gnu++20";
				CLANG_ENABLE_MODULES = YES;
				CLANG_ENABLE_OBJC_ARC = YES;
				CLANG_ENABLE_OBJC_WEAK = YES;
				CLANG_WARN_BLOCK_CAPTURE_AUTORELEASING = YES;
				CLANG_WARN_BOOL_CONVERSION = YES;
				CLANG_WARN_COMMA = YES;
				CLANG_WARN_CONSTANT_CONVERSION = YES;
				CLANG_WARN_DEPRECATED_OBJC_IMPLEMENTATIONS = YES;
				CLANG_WARN_DIRECT_OBJC_ISA_USAGE = YES_ERROR;
				CLANG_WARN_DOCUMENTATION_COMMENTS = YES;
				CLANG_WARN_EMPTY_BODY = YES;
				CLANG_WARN_ENUM_CONVERSION = YES;
				CLANG_WARN_INFINITE_RECURSION = YES;
				CLANG_WARN_INT_CONVERSION = YES;
				CLANG_WARN_NON_LITERAL_NULL_CONVERSION = YES;
				CLANG_WARN_OBJC_IMPLICIT_RETAIN_SELF = YES;
				CLANG_WARN_OBJC_LITERAL_CONVERSION = YES;
				CLANG_WARN_OBJC_ROOT_CLASS = YES_ERROR;
				CLANG_WARN_QUOTED_INCLUDE_IN_FRAMEWORK_HEADER = YES;
				CLANG_WARN_RANGE_LOOP_ANALYSIS = YES;
				CLANG_WARN_STRICT_PROTOTYPES = YES;
				CLANG_WARN_SUSPICIOUS_MOVE = YES;
				CLANG_WARN_UNGUARDED_AVAILABILITY = YES_AGGRESSIVE;
				CLANG_WARN_UNREACHABLE_CODE = YES;
				CLANG_WARN__DUPLICATE_METHOD_MATCH = YES;
				COPY_PHASE_STRIP = NO;
				DEBUG_INFORMATION_FORMAT = dwarf;
				ENABLE_STRICT_OBJC_MSGSEND = YES;
				ENABLE_TESTABILITY = YES;
				GCC_C_LANGUAGE_STANDARD = gnu11;
				GCC_DYNAMIC_NO_PIC = NO;
				GCC_NO_COMMON_BLOCKS = YES;
				GCC_OPTIMIZATION_LEVEL = 0;
				GCC_PREPROCESSOR_DEFINITIONS = (
					"DEBUG=1",
					"$(inherited)",
				);
				GCC_WARN_64_TO_32_BIT_CONVERSION = YES;
				GCC_WARN_ABOUT_RETURN_TYPE = YES_ERROR;
				GCC_WARN_UNDECLARED_SELECTOR = YES;
				GCC_WARN_UNINITIALIZED_AUTOS = YES_AGGRESSIVE;
				GCC_WARN_UNUSED_FUNCTION = YES;
				GCC_WARN_UNUSED_VARIABLE = YES;
				IPHONEOS_DEPLOYMENT_TARGET = 16.2;
				MTL_ENABLE_DEBUG_INFO = INCLUDE_SOURCE;
				MTL_FAST_MATH = YES;
				ONLY_ACTIVE_ARCH = YES;
				SDKROOT = iphoneos;
				SWIFT_ACTIVE_COMPILATION_CONDITIONS = DEBUG;
				SWIFT_OPTIMIZATION_LEVEL = "-Onone";
			};
			name = Debug;
		};
		99D9344329C08E2400592C83 /* Release */ = {
			isa = XCBuildConfiguration;
			buildSettings = {
				ALWAYS_SEARCH_USER_PATHS = NO;
				CLANG_ANALYZER_NONNULL = YES;
				CLANG_ANALYZER_NUMBER_OBJECT_CONVERSION = YES_AGGRESSIVE;
				CLANG_CXX_LANGUAGE_STANDARD = "gnu++20";
				CLANG_ENABLE_MODULES = YES;
				CLANG_ENABLE_OBJC_ARC = YES;
				CLANG_ENABLE_OBJC_WEAK = YES;
				CLANG_WARN_BLOCK_CAPTURE_AUTORELEASING = YES;
				CLANG_WARN_BOOL_CONVERSION = YES;
				CLANG_WARN_COMMA = YES;
				CLANG_WARN_CONSTANT_CONVERSION = YES;
				CLANG_WARN_DEPRECATED_OBJC_IMPLEMENTATIONS = YES;
				CLANG_WARN_DIRECT_OBJC_ISA_USAGE = YES_ERROR;
				CLANG_WARN_DOCUMENTATION_COMMENTS = YES;
				CLANG_WARN_EMPTY_BODY = YES;
				CLANG_WARN_ENUM_CONVERSION = YES;
				CLANG_WARN_INFINITE_RECURSION = YES;
				CLANG_WARN_INT_CONVERSION = YES;
				CLANG_WARN_NON_LITERAL_NULL_CONVERSION = YES;
				CLANG_WARN_OBJC_IMPLICIT_RETAIN_SELF = YES;
				CLANG_WARN_OBJC_LITERAL_CONVERSION = YES;
				CLANG_WARN_OBJC_ROOT_CLASS = YES_ERROR;
				CLANG_WARN_QUOTED_INCLUDE_IN_FRAMEWORK_HEADER = YES;
				CLANG_WARN_RANGE_LOOP_ANALYSIS = YES;
				CLANG_WARN_STRICT_PROTOTYPES = YES;
				CLANG_WARN_SUSPICIOUS_MOVE = YES;
				CLANG_WARN_UNGUARDED_AVAILABILITY = YES_AGGRESSIVE;
				CLANG_WARN_UNREACHABLE_CODE = YES;
				CLANG_WARN__DUPLICATE_METHOD_MATCH = YES;
				COPY_PHASE_STRIP = NO;
				DEBUG_INFORMATION_FORMAT = "dwarf-with-dsym";
				ENABLE_NS_ASSERTIONS = NO;
				ENABLE_STRICT_OBJC_MSGSEND = YES;
				GCC_C_LANGUAGE_STANDARD = gnu11;
				GCC_NO_COMMON_BLOCKS = YES;
				GCC_WARN_64_TO_32_BIT_CONVERSION = YES;
				GCC_WARN_ABOUT_RETURN_TYPE = YES_ERROR;
				GCC_WARN_UNDECLARED_SELECTOR = YES;
				GCC_WARN_UNINITIALIZED_AUTOS = YES_AGGRESSIVE;
				GCC_WARN_UNUSED_FUNCTION = YES;
				GCC_WARN_UNUSED_VARIABLE = YES;
				IPHONEOS_DEPLOYMENT_TARGET = 16.2;
				MTL_ENABLE_DEBUG_INFO = NO;
				MTL_FAST_MATH = YES;
				SDKROOT = iphoneos;
				SWIFT_COMPILATION_MODE = wholemodule;
				SWIFT_OPTIMIZATION_LEVEL = "-O";
				VALIDATE_PRODUCT = YES;
			};
			name = Release;
		};
		99D9344529C08E2400592C83 /* Debug */ = {
			isa = XCBuildConfiguration;
			buildSettings = {
				ASSETCATALOG_COMPILER_APPICON_NAME = AppIcon;
				ASSETCATALOG_COMPILER_GLOBAL_ACCENT_COLOR_NAME = AccentColor;
				CODE_SIGN_STYLE = Automatic;
				CURRENT_PROJECT_VERSION = 1;
				DEVELOPMENT_ASSET_PATHS = "\"Checklist/Preview Content\"";
				ENABLE_PREVIEWS = YES;
				GENERATE_INFOPLIST_FILE = YES;
				INFOPLIST_FILE = Checklist/Info.plist;
				INFOPLIST_KEY_UIApplicationSceneManifest_Generation = YES;
				INFOPLIST_KEY_UIApplicationSupportsIndirectInputEvents = YES;
				INFOPLIST_KEY_UILaunchScreen_Generation = YES;
				INFOPLIST_KEY_UILaunchStoryboardName = LaunchScreen;
				INFOPLIST_KEY_UIRequiredDeviceCapabilities = armv7;
				INFOPLIST_KEY_UISupportedInterfaceOrientations = UIInterfaceOrientationPortrait;
				INFOPLIST_KEY_UISupportedInterfaceOrientations_iPad = "UIInterfaceOrientationPortrait UIInterfaceOrientationPortraitUpsideDown UIInterfaceOrientationLandscapeLeft UIInterfaceOrientationLandscapeRight";
				INFOPLIST_KEY_UISupportedInterfaceOrientations_iPhone = "UIInterfaceOrientationPortrait UIInterfaceOrientationLandscapeLeft UIInterfaceOrientationLandscapeRight";
				LD_RUNPATH_SEARCH_PATHS = (
					"$(inherited)",
					"@executable_path/Frameworks",
				);
				MARKETING_VERSION = 1.0;
				PRODUCT_BUNDLE_IDENTIFIER = au.com.webento.Checklist;
				PRODUCT_NAME = "$(TARGET_NAME)";
				SWIFT_EMIT_LOC_STRINGS = YES;
				SWIFT_VERSION = 5.0;
				TARGETED_DEVICE_FAMILY = "1,2";
			};
			name = Debug;
		};
		99D9344629C08E2400592C83 /* Release */ = {
			isa = XCBuildConfiguration;
			buildSettings = {
				ASSETCATALOG_COMPILER_APPICON_NAME = AppIcon;
				ASSETCATALOG_COMPILER_GLOBAL_ACCENT_COLOR_NAME = AccentColor;
				CODE_SIGN_STYLE = Automatic;
				CURRENT_PROJECT_VERSION = 1;
				DEVELOPMENT_ASSET_PATHS = "\"Checklist/Preview Content\"";
				ENABLE_PREVIEWS = YES;
				GENERATE_INFOPLIST_FILE = YES;
				INFOPLIST_FILE = Checklist/Info.plist;
				INFOPLIST_KEY_UIApplicationSceneManifest_Generation = YES;
				INFOPLIST_KEY_UIApplicationSupportsIndirectInputEvents = YES;
				INFOPLIST_KEY_UILaunchScreen_Generation = YES;
				INFOPLIST_KEY_UILaunchStoryboardName = LaunchScreen;
				INFOPLIST_KEY_UIRequiredDeviceCapabilities = armv7;
				INFOPLIST_KEY_UISupportedInterfaceOrientations = UIInterfaceOrientationPortrait;
				INFOPLIST_KEY_UISupportedInterfaceOrientations_iPad = "UIInterfaceOrientationPortrait UIInterfaceOrientationPortraitUpsideDown UIInterfaceOrientationLandscapeLeft UIInterfaceOrientationLandscapeRight";
				INFOPLIST_KEY_UISupportedInterfaceOrientations_iPhone = "UIInterfaceOrientationPortrait UIInterfaceOrientationLandscapeLeft UIInterfaceOrientationLandscapeRight";
				LD_RUNPATH_SEARCH_PATHS = (
					"$(inherited)",
					"@executable_path/Frameworks",
				);
				MARKETING_VERSION = 1.0;
				PRODUCT_BUNDLE_IDENTIFIER = au.com.webento.Checklist;
				PRODUCT_NAME = "$(TARGET_NAME)";
				SWIFT_EMIT_LOC_STRINGS = YES;
				SWIFT_VERSION = 5.0;
				TARGETED_DEVICE_FAMILY = "1,2";
			};
			name = Release;
		};
		99D9344829C08E2400592C83 /* Debug */ = {
			isa = XCBuildConfiguration;
			buildSettings = {
				ALWAYS_EMBED_SWIFT_STANDARD_LIBRARIES = YES;
				BUNDLE_LOADER = "$(TEST_HOST)";
				CODE_SIGN_STYLE = Automatic;
				CURRENT_PROJECT_VERSION = 1;
				GENERATE_INFOPLIST_FILE = YES;
				IPHONEOS_DEPLOYMENT_TARGET = 16.2;
				MARKETING_VERSION = 1.0;
				PRODUCT_BUNDLE_IDENTIFIER = au.com.webento.ChecklistTests;
				PRODUCT_NAME = "$(TARGET_NAME)";
				SWIFT_EMIT_LOC_STRINGS = NO;
				SWIFT_VERSION = 5.0;
				TARGETED_DEVICE_FAMILY = "1,2";
				TEST_HOST = "$(BUILT_PRODUCTS_DIR)/Checklist.app/$(BUNDLE_EXECUTABLE_FOLDER_PATH)/Checklist";
			};
			name = Debug;
		};
		99D9344929C08E2400592C83 /* Release */ = {
			isa = XCBuildConfiguration;
			buildSettings = {
				ALWAYS_EMBED_SWIFT_STANDARD_LIBRARIES = YES;
				BUNDLE_LOADER = "$(TEST_HOST)";
				CODE_SIGN_STYLE = Automatic;
				CURRENT_PROJECT_VERSION = 1;
				GENERATE_INFOPLIST_FILE = YES;
				IPHONEOS_DEPLOYMENT_TARGET = 16.2;
				MARKETING_VERSION = 1.0;
				PRODUCT_BUNDLE_IDENTIFIER = au.com.webento.ChecklistTests;
				PRODUCT_NAME = "$(TARGET_NAME)";
				SWIFT_EMIT_LOC_STRINGS = NO;
				SWIFT_VERSION = 5.0;
				TARGETED_DEVICE_FAMILY = "1,2";
				TEST_HOST = "$(BUILT_PRODUCTS_DIR)/Checklist.app/$(BUNDLE_EXECUTABLE_FOLDER_PATH)/Checklist";
			};
			name = Release;
		};
		99D9344B29C08E2400592C83 /* Debug */ = {
			isa = XCBuildConfiguration;
			buildSettings = {
				ALWAYS_EMBED_SWIFT_STANDARD_LIBRARIES = YES;
				CODE_SIGN_STYLE = Automatic;
				CURRENT_PROJECT_VERSION = 1;
				GENERATE_INFOPLIST_FILE = YES;
				MARKETING_VERSION = 1.0;
				PRODUCT_BUNDLE_IDENTIFIER = au.com.webento.ChecklistUITests;
				PRODUCT_NAME = "$(TARGET_NAME)";
				SWIFT_EMIT_LOC_STRINGS = NO;
				SWIFT_VERSION = 5.0;
				TARGETED_DEVICE_FAMILY = "1,2";
				TEST_TARGET_NAME = Checklist;
			};
			name = Debug;
		};
		99D9344C29C08E2400592C83 /* Release */ = {
			isa = XCBuildConfiguration;
			buildSettings = {
				ALWAYS_EMBED_SWIFT_STANDARD_LIBRARIES = YES;
				CODE_SIGN_STYLE = Automatic;
				CURRENT_PROJECT_VERSION = 1;
				GENERATE_INFOPLIST_FILE = YES;
				MARKETING_VERSION = 1.0;
				PRODUCT_BUNDLE_IDENTIFIER = au.com.webento.ChecklistUITests;
				PRODUCT_NAME = "$(TARGET_NAME)";
				SWIFT_EMIT_LOC_STRINGS = NO;
				SWIFT_VERSION = 5.0;
				TARGETED_DEVICE_FAMILY = "1,2";
				TEST_TARGET_NAME = Checklist;
			};
			name = Release;
		};
/* End XCBuildConfiguration section */

/* Begin XCConfigurationList section */
		99D9341B29C08E2300592C83 /* Build configuration list for PBXProject "Checklist" */ = {
			isa = XCConfigurationList;
			buildConfigurations = (
				99D9344229C08E2400592C83 /* Debug */,
				99D9344329C08E2400592C83 /* Release */,
			);
			defaultConfigurationIsVisible = 0;
			defaultConfigurationName = Release;
		};
		99D9344429C08E2400592C83 /* Build configuration list for PBXNativeTarget "Checklist" */ = {
			isa = XCConfigurationList;
			buildConfigurations = (
				99D9344529C08E2400592C83 /* Debug */,
				99D9344629C08E2400592C83 /* Release */,
			);
			defaultConfigurationIsVisible = 0;
			defaultConfigurationName = Release;
		};
		99D9344729C08E2400592C83 /* Build configuration list for PBXNativeTarget "ChecklistTests" */ = {
			isa = XCConfigurationList;
			buildConfigurations = (
				99D9344829C08E2400592C83 /* Debug */,
				99D9344929C08E2400592C83 /* Release */,
			);
			defaultConfigurationIsVisible = 0;
			defaultConfigurationName = Release;
		};
		99D9344A29C08E2400592C83 /* Build configuration list for PBXNativeTarget "ChecklistUITests" */ = {
			isa = XCConfigurationList;
			buildConfigurations = (
				99D9344B29C08E2400592C83 /* Debug */,
				99D9344C29C08E2400592C83 /* Release */,
			);
			defaultConfigurationIsVisible = 0;
			defaultConfigurationName = Release;
		};
/* End XCConfigurationList section */
	};
	rootObject = 99D9341829C08E2300592C83 /* Project object */;
}
